// !$*UTF8*$!
{
	archiveVersion = 1;
	classes = {
	};
	objectVersion = 46;
	objects = {

/* Begin PBXBuildFile section */
		F7F7140C1CD8C453000CFA78 /* main.m in Sources */ = {isa = PBXBuildFile; fileRef = F7F7140B1CD8C453000CFA78 /* main.m */; };
		F7F7140F1CD8C453000CFA78 /* AppDelegate.m in Sources */ = {isa = PBXBuildFile; fileRef = F7F7140E1CD8C453000CFA78 /* AppDelegate.m */; };
		F7F714121CD8C453000CFA78 /* ViewController.m in Sources */ = {isa = PBXBuildFile; fileRef = F7F714111CD8C453000CFA78 /* ViewController.m */; };
		F7F714151CD8C454000CFA78 /* Main.storyboard in Resources */ = {isa = PBXBuildFile; fileRef = F7F714131CD8C454000CFA78 /* Main.storyboard */; };
		F7F714171CD8C454000CFA78 /* Assets.xcassets in Resources */ = {isa = PBXBuildFile; fileRef = F7F714161CD8C454000CFA78 /* Assets.xcassets */; };
		F7F7141A1CD8C454000CFA78 /* LaunchScreen.storyboard in Resources */ = {isa = PBXBuildFile; fileRef = F7F714181CD8C454000CFA78 /* LaunchScreen.storyboard */; };
		F7F714251CD8C454000CFA78 /* SystemLocationDemoTests.m in Sources */ = {isa = PBXBuildFile; fileRef = F7F714241CD8C454000CFA78 /* SystemLocationDemoTests.m */; };
		F7F714301CD8C454000CFA78 /* SystemLocationDemoUITests.m in Sources */ = {isa = PBXBuildFile; fileRef = F7F7142F1CD8C454000CFA78 /* SystemLocationDemoUITests.m */; };
		F7F7143F1CD8C486000CFA78 /* CCLocationManager.m in Sources */ = {isa = PBXBuildFile; fileRef = F7F7143E1CD8C486000CFA78 /* CCLocationManager.m */; };
/* End PBXBuildFile section */

/* Begin PBXContainerItemProxy section */
		F7F714211CD8C454000CFA78 /* PBXContainerItemProxy */ = {
			isa = PBXContainerItemProxy;
			containerPortal = F7F713FF1CD8C453000CFA78 /* Project object */;
			proxyType = 1;
			remoteGlobalIDString = F7F714061CD8C453000CFA78;
			remoteInfo = SystemLocationDemo;
		};
		F7F7142C1CD8C454000CFA78 /* PBXContainerItemProxy */ = {
			isa = PBXContainerItemProxy;
			containerPortal = F7F713FF1CD8C453000CFA78 /* Project object */;
			proxyType = 1;
			remoteGlobalIDString = F7F714061CD8C453000CFA78;
			remoteInfo = SystemLocationDemo;
		};
/* End PBXContainerItemProxy section */

/* Begin PBXFileReference section */
		F7F714071CD8C453000CFA78 /* SystemLocationDemo.app */ = {isa = PBXFileReference; explicitFileType = wrapper.application; includeInIndex = 0; path = SystemLocationDemo.app; sourceTree = BUILT_PRODUCTS_DIR; };
		F7F7140B1CD8C453000CFA78 /* main.m */ = {isa = PBXFileReference; lastKnownFileType = sourcecode.c.objc; path = main.m; sourceTree = "<group>"; };
		F7F7140D1CD8C453000CFA78 /* AppDelegate.h */ = {isa = PBXFileReference; lastKnownFileType = sourcecode.c.h; path = AppDelegate.h; sourceTree = "<group>"; };
		F7F7140E1CD8C453000CFA78 /* AppDelegate.m */ = {isa = PBXFileReference; lastKnownFileType = sourcecode.c.objc; path = AppDelegate.m; sourceTree = "<group>"; };
		F7F714101CD8C453000CFA78 /* ViewController.h */ = {isa = PBXFileReference; lastKnownFileType = sourcecode.c.h; path = ViewController.h; sourceTree = "<group>"; };
		F7F714111CD8C453000CFA78 /* ViewController.m */ = {isa = PBXFileReference; lastKnownFileType = sourcecode.c.objc; path = ViewController.m; sourceTree = "<group>"; };
		F7F714141CD8C454000CFA78 /* Base */ = {isa = PBXFileReference; lastKnownFileType = file.storyboard; name = Base; path = Base.lproj/Main.storyboard; sourceTree = "<group>"; };
		F7F714161CD8C454000CFA78 /* Assets.xcassets */ = {isa = PBXFileReference; lastKnownFileType = folder.assetcatalog; path = Assets.xcassets; sourceTree = "<group>"; };
		F7F714191CD8C454000CFA78 /* Base */ = {isa = PBXFileReference; lastKnownFileType = file.storyboard; name = Base; path = Base.lproj/LaunchScreen.storyboard; sourceTree = "<group>"; };
		F7F7141B1CD8C454000CFA78 /* Info.plist */ = {isa = PBXFileReference; lastKnownFileType = text.plist.xml; path = Info.plist; sourceTree = "<group>"; };
		F7F714201CD8C454000CFA78 /* SystemLocationDemoTests.xctest */ = {isa = PBXFileReference; explicitFileType = wrapper.cfbundle; includeInIndex = 0; path = SystemLocationDemoTests.xctest; sourceTree = BUILT_PRODUCTS_DIR; };
		F7F714241CD8C454000CFA78 /* SystemLocationDemoTests.m */ = {isa = PBXFileReference; lastKnownFileType = sourcecode.c.objc; path = SystemLocationDemoTests.m; sourceTree = "<group>"; };
		F7F714261CD8C454000CFA78 /* Info.plist */ = {isa = PBXFileReference; lastKnownFileType = text.plist.xml; path = Info.plist; sourceTree = "<group>"; };
		F7F7142B1CD8C454000CFA78 /* SystemLocationDemoUITests.xctest */ = {isa = PBXFileReference; explicitFileType = wrapper.cfbundle; includeInIndex = 0; path = SystemLocationDemoUITests.xctest; sourceTree = BUILT_PRODUCTS_DIR; };
		F7F7142F1CD8C454000CFA78 /* SystemLocationDemoUITests.m */ = {isa = PBXFileReference; lastKnownFileType = sourcecode.c.objc; path = SystemLocationDemoUITests.m; sourceTree = "<group>"; };
		F7F714311CD8C454000CFA78 /* Info.plist */ = {isa = PBXFileReference; lastKnownFileType = text.plist.xml; path = Info.plist; sourceTree = "<group>"; };
		F7F7143D1CD8C486000CFA78 /* CCLocationManager.h */ = {isa = PBXFileReference; fileEncoding = 4; lastKnownFileType = sourcecode.c.h; path = CCLocationManager.h; sourceTree = "<group>"; };
		F7F7143E1CD8C486000CFA78 /* CCLocationManager.m */ = {isa = PBXFileReference; fileEncoding = 4; lastKnownFileType = sourcecode.c.objc; path = CCLocationManager.m; sourceTree = "<group>"; };
/* End PBXFileReference section */

/* Begin PBXFrameworksBuildPhase section */
		F7F714041CD8C453000CFA78 /* Frameworks */ = {
			isa = PBXFrameworksBuildPhase;
			buildActionMask = 2147483647;
			files = (
			);
			runOnlyForDeploymentPostprocessing = 0;
		};
		F7F7141D1CD8C454000CFA78 /* Frameworks */ = {
			isa = PBXFrameworksBuildPhase;
			buildActionMask = 2147483647;
			files = (
			);
			runOnlyForDeploymentPostprocessing = 0;
		};
		F7F714281CD8C454000CFA78 /* Frameworks */ = {
			isa = PBXFrameworksBuildPhase;
			buildActionMask = 2147483647;
			files = (
			);
			runOnlyForDeploymentPostprocessing = 0;
		};
/* End PBXFrameworksBuildPhase section */

/* Begin PBXGroup section */
		F7F713FE1CD8C453000CFA78 = {
			isa = PBXGroup;
			children = (
				F7F714091CD8C453000CFA78 /* SystemLocationDemo */,
				F7F714231CD8C454000CFA78 /* SystemLocationDemoTests */,
				F7F7142E1CD8C454000CFA78 /* SystemLocationDemoUITests */,
				F7F714081CD8C453000CFA78 /* Products */,
			);
			sourceTree = "<group>";
		};
		F7F714081CD8C453000CFA78 /* Products */ = {
			isa = PBXGroup;
			children = (
				F7F714071CD8C453000CFA78 /* SystemLocationDemo.app */,
				F7F714201CD8C454000CFA78 /* SystemLocationDemoTests.xctest */,
				F7F7142B1CD8C454000CFA78 /* SystemLocationDemoUITests.xctest */,
			);
			name = Products;
			sourceTree = "<group>";
		};
		F7F714091CD8C453000CFA78 /* SystemLocationDemo */ = {
			isa = PBXGroup;
			children = (
				F7F7140D1CD8C453000CFA78 /* AppDelegate.h */,
				F7F7140E1CD8C453000CFA78 /* AppDelegate.m */,
				F7F714101CD8C453000CFA78 /* ViewController.h */,
				F7F714111CD8C453000CFA78 /* ViewController.m */,
				F7F7143D1CD8C486000CFA78 /* CCLocationManager.h */,
				F7F7143E1CD8C486000CFA78 /* CCLocationManager.m */,
				F7F714131CD8C454000CFA78 /* Main.storyboard */,
				F7F714161CD8C454000CFA78 /* Assets.xcassets */,
				F7F714181CD8C454000CFA78 /* LaunchScreen.storyboard */,
				F7F7141B1CD8C454000CFA78 /* Info.plist */,
				F7F7140A1CD8C453000CFA78 /* Supporting Files */,
			);
			path = SystemLocationDemo;
			sourceTree = "<group>";
		};
		F7F7140A1CD8C453000CFA78 /* Supporting Files */ = {
			isa = PBXGroup;
			children = (
				F7F7140B1CD8C453000CFA78 /* main.m */,
			);
			name = "Supporting Files";
			sourceTree = "<group>";
		};
		F7F714231CD8C454000CFA78 /* SystemLocationDemoTests */ = {
			isa = PBXGroup;
			children = (
				F7F714241CD8C454000CFA78 /* SystemLocationDemoTests.m */,
				F7F714261CD8C454000CFA78 /* Info.plist */,
			);
			path = SystemLocationDemoTests;
			sourceTree = "<group>";
		};
		F7F7142E1CD8C454000CFA78 /* SystemLocationDemoUITests */ = {
			isa = PBXGroup;
			children = (
				F7F7142F1CD8C454000CFA78 /* SystemLocationDemoUITests.m */,
				F7F714311CD8C454000CFA78 /* Info.plist */,
			);
			path = SystemLocationDemoUITests;
			sourceTree = "<group>";
		};
/* End PBXGroup section */

/* Begin PBXNativeTarget section */
		F7F714061CD8C453000CFA78 /* SystemLocationDemo */ = {
			isa = PBXNativeTarget;
			buildConfigurationList = F7F714341CD8C454000CFA78 /* Build configuration list for PBXNativeTarget "SystemLocationDemo" */;
			buildPhases = (
				F7F714031CD8C453000CFA78 /* Sources */,
				F7F714041CD8C453000CFA78 /* Frameworks */,
				F7F714051CD8C453000CFA78 /* Resources */,
			);
			buildRules = (
			);
			dependencies = (
			);
			name = SystemLocationDemo;
			productName = SystemLocationDemo;
			productReference = F7F714071CD8C453000CFA78 /* SystemLocationDemo.app */;
			productType = "com.apple.product-type.application";
		};
		F7F7141F1CD8C454000CFA78 /* SystemLocationDemoTests */ = {
			isa = PBXNativeTarget;
			buildConfigurationList = F7F714371CD8C454000CFA78 /* Build configuration list for PBXNativeTarget "SystemLocationDemoTests" */;
			buildPhases = (
				F7F7141C1CD8C454000CFA78 /* Sources */,
				F7F7141D1CD8C454000CFA78 /* Frameworks */,
				F7F7141E1CD8C454000CFA78 /* Resources */,
			);
			buildRules = (
			);
			dependencies = (
				F7F714221CD8C454000CFA78 /* PBXTargetDependency */,
			);
			name = SystemLocationDemoTests;
			productName = SystemLocationDemoTests;
			productReference = F7F714201CD8C454000CFA78 /* SystemLocationDemoTests.xctest */;
			productType = "com.apple.product-type.bundle.unit-test";
		};
		F7F7142A1CD8C454000CFA78 /* SystemLocationDemoUITests */ = {
			isa = PBXNativeTarget;
			buildConfigurationList = F7F7143A1CD8C454000CFA78 /* Build configuration list for PBXNativeTarget "SystemLocationDemoUITests" */;
			buildPhases = (
				F7F714271CD8C454000CFA78 /* Sources */,
				F7F714281CD8C454000CFA78 /* Frameworks */,
				F7F714291CD8C454000CFA78 /* Resources */,
			);
			buildRules = (
			);
			dependencies = (
				F7F7142D1CD8C454000CFA78 /* PBXTargetDependency */,
			);
			name = SystemLocationDemoUITests;
			productName = SystemLocationDemoUITests;
			productReference = F7F7142B1CD8C454000CFA78 /* SystemLocationDemoUITests.xctest */;
			productType = "com.apple.product-type.bundle.ui-testing";
		};
/* End PBXNativeTarget section */

/* Begin PBXProject section */
		F7F713FF1CD8C453000CFA78 /* Project object */ = {
			isa = PBXProject;
			attributes = {
				LastUpgradeCheck = 0730;
				ORGANIZATIONNAME = leicunjie;
				TargetAttributes = {
					F7F714061CD8C453000CFA78 = {
						CreatedOnToolsVersion = 7.3;
					};
					F7F7141F1CD8C454000CFA78 = {
						CreatedOnToolsVersion = 7.3;
						TestTargetID = F7F714061CD8C453000CFA78;
					};
					F7F7142A1CD8C454000CFA78 = {
						CreatedOnToolsVersion = 7.3;
						TestTargetID = F7F714061CD8C453000CFA78;
					};
				};
			};
			buildConfigurationList = F7F714021CD8C453000CFA78 /* Build configuration list for PBXProject "SystemLocationDemo" */;
			compatibilityVersion = "Xcode 3.2";
			developmentRegion = English;
			hasScannedForEncodings = 0;
			knownRegions = (
				en,
				Base,
			);
			mainGroup = F7F713FE1CD8C453000CFA78;
			productRefGroup = F7F714081CD8C453000CFA78 /* Products */;
			projectDirPath = "";
			projectRoot = "";
			targets = (
				F7F714061CD8C453000CFA78 /* SystemLocationDemo */,
				F7F7141F1CD8C454000CFA78 /* SystemLocationDemoTests */,
				F7F7142A1CD8C454000CFA78 /* SystemLocationDemoUITests */,
			);
		};
/* End PBXProject section */

/* Begin PBXResourcesBuildPhase section */
		F7F714051CD8C453000CFA78 /* Resources */ = {
			isa = PBXResourcesBuildPhase;
			buildActionMask = 2147483647;
			files = (
				F7F7141A1CD8C454000CFA78 /* LaunchScreen.storyboard in Resources */,
				F7F714171CD8C454000CFA78 /* Assets.xcassets in Resources */,
				F7F714151CD8C454000CFA78 /* Main.storyboard in Resources */,
			);
			runOnlyForDeploymentPostprocessing = 0;
		};
		F7F7141E1CD8C454000CFA78 /* Resources */ = {
			isa = PBXResourcesBuildPhase;
			buildActionMask = 2147483647;
			files = (
			);
			runOnlyForDeploymentPostprocessing = 0;
		};
		F7F714291CD8C454000CFA78 /* Resources */ = {
			isa = PBXResourcesBuildPhase;
			buildActionMask = 2147483647;
			files = (
			);
			runOnlyForDeploymentPostprocessing = 0;
		};
/* End PBXResourcesBuildPhase section */

/* Begin PBXSourcesBuildPhase section */
		F7F714031CD8C453000CFA78 /* Sources */ = {
			isa = PBXSourcesBuildPhase;
			buildActionMask = 2147483647;
			files = (
				F7F7143F1CD8C486000CFA78 /* CCLocationManager.m in Sources */,
				F7F714121CD8C453000CFA78 /* ViewController.m in Sources */,
				F7F7140F1CD8C453000CFA78 /* AppDelegate.m in Sources */,
				F7F7140C1CD8C453000CFA78 /* main.m in Sources */,
			);
			runOnlyForDeploymentPostprocessing = 0;
		};
		F7F7141C1CD8C454000CFA78 /* Sources */ = {
			isa = PBXSourcesBuildPhase;
			buildActionMask = 2147483647;
			files = (
				F7F714251CD8C454000CFA78 /* SystemLocationDemoTests.m in Sources */,
			);
			runOnlyForDeploymentPostprocessing = 0;
		};
		F7F714271CD8C454000CFA78 /* Sources */ = {
			isa = PBXSourcesBuildPhase;
			buildActionMask = 2147483647;
			files = (
				F7F714301CD8C454000CFA78 /* SystemLocationDemoUITests.m in Sources */,
			);
			runOnlyForDeploymentPostprocessing = 0;
		};
/* End PBXSourcesBuildPhase section */

/* Begin PBXTargetDependency section */
		F7F714221CD8C454000CFA78 /* PBXTargetDependency */ = {
			isa = PBXTargetDependency;
			target = F7F714061CD8C453000CFA78 /* SystemLocationDemo */;
			targetProxy = F7F714211CD8C454000CFA78 /* PBXContainerItemProxy */;
		};
		F7F7142D1CD8C454000CFA78 /* PBXTargetDependency */ = {
			isa = PBXTargetDependency;
			target = F7F714061CD8C453000CFA78 /* SystemLocationDemo */;
			targetProxy = F7F7142C1CD8C454000CFA78 /* PBXContainerItemProxy */;
		};
/* End PBXTargetDependency section */

/* Begin PBXVariantGroup section */
		F7F714131CD8C454000CFA78 /* Main.storyboard */ = {
			isa = PBXVariantGroup;
			children = (
				F7F714141CD8C454000CFA78 /* Base */,
			);
			name = Main.storyboard;
			sourceTree = "<group>";
		};
		F7F714181CD8C454000CFA78 /* LaunchScreen.storyboard */ = {
			isa = PBXVariantGroup;
			children = (
				F7F714191CD8C454000CFA78 /* Base */,
			);
			name = LaunchScreen.storyboard;
			sourceTree = "<group>";
		};
/* End PBXVariantGroup section */

/* Begin XCBuildConfiguration section */
		F7F714321CD8C454000CFA78 /* Debug */ = {
			isa = XCBuildConfiguration;
			buildSettings = {
				ALWAYS_SEARCH_USER_PATHS = NO;
				CLANG_ANALYZER_NONNULL = YES;
				CLANG_CXX_LANGUAGE_STANDARD = "gnu++0x";
				CLANG_CXX_LIBRARY = "libc++";
				CLANG_ENABLE_MODULES = YES;
				CLANG_ENABLE_OBJC_ARC = YES;
				CLANG_WARN_BOOL_CONVERSION = YES;
				CLANG_WARN_CONSTANT_CONVERSION = YES;
				CLANG_WARN_DIRECT_OBJC_ISA_USAGE = YES_ERROR;
				CLANG_WARN_EMPTY_BODY = YES;
				CLANG_WARN_ENUM_CONVERSION = YES;
				CLANG_WARN_INT_CONVERSION = YES;
				CLANG_WARN_OBJC_ROOT_CLASS = YES_ERROR;
				CLANG_WARN_UNREACHABLE_CODE = YES;
				CLANG_WARN__DUPLICATE_METHOD_MATCH = YES;
				"CODE_SIGN_IDENTITY[sdk=iphoneos*]" = "iPhone Developer";
				COPY_PHASE_STRIP = NO;
				DEBUG_INFORMATION_FORMAT = dwarf;
				ENABLE_STRICT_OBJC_MSGSEND = YES;
				ENABLE_TESTABILITY = YES;
				GCC_C_LANGUAGE_STANDARD = gnu99;
				GCC_DYNAMIC_NO_PIC = NO;
				GCC_NO_COMMON_BLOCKS = YES;
				GCC_OPTIMIZATION_LEVEL = 0;
				GCC_PREPROCESSOR_DEFINITIONS = (
					"DEBUG=1",
					"$(inherited)",
				);
				GCC_WARN_64_TO_32_BIT_CONVERSION = YES;
				GCC_WARN_ABOUT_RETURN_TYPE = YES_ERROR;
				GCC_WARN_UNDECLARED_SELECTOR = YES;
				GCC_WARN_UNINITIALIZED_AUTOS = YES_AGGRESSIVE;
				GCC_WARN_UNUSED_FUNCTION = YES;
				GCC_WARN_UNUSED_VARIABLE = YES;
				IPHONEOS_DEPLOYMENT_TARGET = 9.3;
				MTL_ENABLE_DEBUG_INFO = YES;
				ONLY_ACTIVE_ARCH = YES;
				SDKROOT = iphoneos;
				TARGETED_DEVICE_FAMILY = "1,2";
			};
			name = Debug;
		};
		F7F714331CD8C454000CFA78 /* Release */ = {
			isa = XCBuildConfiguration;
			buildSettings = {
				ALWAYS_SEARCH_USER_PATHS = NO;
				CLANG_ANALYZER_NONNULL = YES;
				CLANG_CXX_LANGUAGE_STANDARD = "gnu++0x";
				CLANG_CXX_LIBRARY = "libc++";
				CLANG_ENABLE_MODULES = YES;
				CLANG_ENABLE_OBJC_ARC = YES;
				CLANG_WARN_BOOL_CONVERSION = YES;
				CLANG_WARN_CONSTANT_CONVERSION = YES;
				CLANG_WARN_DIRECT_OBJC_ISA_USAGE = YES_ERROR;
				CLANG_WARN_EMPTY_BODY = YES;
				CLANG_WARN_ENUM_CONVERSION = YES;
				CLANG_WARN_INT_CONVERSION = YES;
				CLANG_WARN_OBJC_ROOT_CLASS = YES_ERROR;
				CLANG_WARN_UNREACHABLE_CODE = YES;
				CLANG_WARN__DUPLICATE_METHOD_MATCH = YES;
				"CODE_SIGN_IDENTITY[sdk=iphoneos*]" = "iPhone Developer";
				COPY_PHASE_STRIP = NO;
				DEBUG_INFORMATION_FORMAT = "dwarf-with-dsym";
				ENABLE_NS_ASSERTIONS = NO;
				ENABLE_STRICT_OBJC_MSGSEND = YES;
				GCC_C_LANGUAGE_STANDARD = gnu99;
				GCC_NO_COMMON_BLOCKS = YES;
				GCC_WARN_64_TO_32_BIT_CONVERSION = YES;
				GCC_WARN_ABOUT_RETURN_TYPE = YES_ERROR;
				GCC_WARN_UNDECLARED_SELECTOR = YES;
				GCC_WARN_UNINITIALIZED_AUTOS = YES_AGGRESSIVE;
				GCC_WARN_UNUSED_FUNCTION = YES;
				GCC_WARN_UNUSED_VARIABLE = YES;
				IPHONEOS_DEPLOYMENT_TARGET = 9.3;
				MTL_ENABLE_DEBUG_INFO = NO;
				SDKROOT = iphoneos;
				TARGETED_DEVICE_FAMILY = "1,2";
				VALIDATE_PRODUCT = YES;
			};
			name = Release;
		};
		F7F714351CD8C454000CFA78 /* Debug */ = {
			isa = XCBuildConfiguration;
			buildSettings = {
				ASSETCATALOG_COMPILER_APPICON_NAME = AppIcon;
				INFOPLIST_FILE = SystemLocationDemo/Info.plist;
				IPHONEOS_DEPLOYMENT_TARGET = 8.0;
				LD_RUNPATH_SEARCH_PATHS = "$(inherited) @executable_path/Frameworks";
				PRODUCT_BUNDLE_IDENTIFIER = com.leicunjie.SystemLocationDemo;
				PRODUCT_NAME = "$(TARGET_NAME)";
			};
			name = Debug;
		};
		F7F714361CD8C454000CFA78 /* Release */ = {
			isa = XCBuildConfiguration;
			buildSettings = {
				ASSETCATALOG_COMPILER_APPICON_NAME = AppIcon;
				INFOPLIST_FILE = SystemLocationDemo/Info.plist;
				IPHONEOS_DEPLOYMENT_TARGET = 8.0;
				LD_RUNPATH_SEARCH_PATHS = "$(inherited) @executable_path/Frameworks";
				PRODUCT_BUNDLE_IDENTIFIER = com.leicunjie.SystemLocationDemo;
				PRODUCT_NAME = "$(TARGET_NAME)";
			};
			name = Release;
		};
		F7F714381CD8C454000CFA78 /* Debug */ = {
			isa = XCBuildConfiguration;
			buildSettings = {
				BUNDLE_LOADER = "$(TEST_HOST)";
				INFOPLIST_FILE = SystemLocationDemoTests/Info.plist;
				LD_RUNPATH_SEARCH_PATHS = "$(inherited) @executable_path/Frameworks @loader_path/Frameworks";
				PRODUCT_BUNDLE_IDENTIFIER = com.leicunjie.SystemLocationDemoTests;
				PRODUCT_NAME = "$(TARGET_NAME)";
				TEST_HOST = "$(BUILT_PRODUCTS_DIR)/SystemLocationDemo.app/SystemLocationDemo";
			};
			name = Debug;
		};
		F7F714391CD8C454000CFA78 /* Release */ = {
			isa = XCBuildConfiguration;
			buildSettings = {
				BUNDLE_LOADER = "$(TEST_HOST)";
				INFOPLIST_FILE = SystemLocationDemoTests/Info.plist;
				LD_RUNPATH_SEARCH_PATHS = "$(inherited) @executable_path/Frameworks @loader_path/Frameworks";
				PRODUCT_BUNDLE_IDENTIFIER = com.leicunjie.SystemLocationDemoTests;
				PRODUCT_NAME = "$(TARGET_NAME)";
				TEST_HOST = "$(BUILT_PRODUCTS_DIR)/SystemLocationDemo.app/SystemLocationDemo";
			};
			name = Release;
		};
		F7F7143B1CD8C454000CFA78 /* Debug */ = {
			isa = XCBuildConfiguration;
			buildSettings = {
				INFOPLIST_FILE = SystemLocationDemoUITests/Info.plist;
				LD_RUNPATH_SEARCH_PATHS = "$(inherited) @executable_path/Frameworks @loader_path/Frameworks";
				PRODUCT_BUNDLE_IDENTIFIER = com.leicunjie.SystemLocationDemoUITests;
				PRODUCT_NAME = "$(TARGET_NAME)";
				TEST_TARGET_NAME = SystemLocationDemo;
			};
			name = Debug;
		};
		F7F7143C1CD8C454000CFA78 /* Release */ = {
			isa = XCBuildConfiguration;
			buildSettings = {
				INFOPLIST_FILE = SystemLocationDemoUITests/Info.plist;
				LD_RUNPATH_SEARCH_PATHS = "$(inherited) @executable_path/Frameworks @loader_path/Frameworks";
				PRODUCT_BUNDLE_IDENTIFIER = com.leicunjie.SystemLocationDemoUITests;
				PRODUCT_NAME = "$(TARGET_NAME)";
				TEST_TARGET_NAME = SystemLocationDemo;
			};
			name = Release;
		};
/* End XCBuildConfiguration section */

/* Begin XCConfigurationList section */
		F7F714021CD8C453000CFA78 /* Build configuration list for PBXProject "SystemLocationDemo" */ = {
			isa = XCConfigurationList;
			buildConfigurations = (
				F7F714321CD8C454000CFA78 /* Debug */,
				F7F714331CD8C454000CFA78 /* Release */,
			);
			defaultConfigurationIsVisible = 0;
			defaultConfigurationName = Release;
		};
		F7F714341CD8C454000CFA78 /* Build configuration list for PBXNativeTarget "SystemLocationDemo" */ = {
			isa = XCConfigurationList;
			buildConfigurations = (
				F7F714351CD8C454000CFA78 /* Debug */,
				F7F714361CD8C454000CFA78 /* Release */,
			);
			defaultConfigurationIsVisible = 0;
			defaultConfigurationName = Release;
		};
		F7F714371CD8C454000CFA78 /* Build configuration list for PBXNativeTarget "SystemLocationDemoTests" */ = {
			isa = XCConfigurationList;
			buildConfigurations = (
				F7F714381CD8C454000CFA78 /* Debug */,
				F7F714391CD8C454000CFA78 /* Release */,
			);
			defaultConfigurationIsVisible = 0;
			defaultConfigurationName = Release;
		};
		F7F7143A1CD8C454000CFA78 /* Build configuration list for PBXNativeTarget "SystemLocationDemoUITests" */ = {
			isa = XCConfigurationList;
			buildConfigurations = (
				F7F7143B1CD8C454000CFA78 /* Debug */,
				F7F7143C1CD8C454000CFA78 /* Release */,
			);
			defaultConfigurationIsVisible = 0;
			defaultConfigurationName = Release;
		};
/* End XCConfigurationList section */
	};
	rootObject = F7F713FF1CD8C453000CFA78 /* Project object */;
}
